PODS:
  - Masonry (1.1.0)
  - PoporMasonry (0.0.01):
    - Masonry
  - PoporSegmentView (1.11):
    - Masonry
    - PoporMasonry

DEPENDENCIES:
  - PoporSegmentView (from `../`)

SPEC REPOS:
  trunk:
    - Masonry
    - PoporMasonry

EXTERNAL SOURCES:
  PoporSegmentView:
    :path: "../"

SPEC CHECKSUMS:
  Masonry: 678fab65091a9290e40e2832a55e7ab731aad201
  PoporMasonry: 158a9af8b88b596707e6da0b1718a9dc20ddca36
  PoporSegmentView: 9ed13b120d22c9f3a31602b4805e1663caaeb66d

PODFILE CHECKSUM: 1f5c8390c09eea09ba95faee6ccfffb3c4fee386

COCOAPODS: 1.10.0.beta.2
